
Microsoft Visual Studio Solution File, Format Version 12.00
# Visual Studio Version 17
VisualStudioVersion = 17.0.32126.317
MinimumVisualStudioVersion = 10.0.40219.1
Project("{9A19103F-16F7-4668-BE54-9A1E7A4F7556}") = "TestsLibrary", "TestsLibrary\TestsLibrary.csproj", "{A3794C91-1EC9-4F0D-AE4B-A5C28BD2BFE0}"
EndProject
Project("{9A19103F-16F7-4668-BE54-9A1E7A4F7556}") = "Tests", "Tests\Tests.csproj", "{E5FAD319-627A-4BC9-9031-2BE1B9B1CF94}"
	ProjectSection(ProjectDependencies) = postProject
		{A3794C91-1EC9-4F0D-AE4B-A5C28BD2BFE0} = {A3794C91-1EC9-4F0D-AE4B-A5C28BD2BFE0}
	EndProjectSection
EndProject
Project("{9A19103F-16F7-4668-BE54-9A1E7A4F7556}") = "ConsoleApp", "ConsoleApp\ConsoleApp.csproj", "{4680D50D-B735-4CCC-86B7-6924E31DE527}"
EndProject
Global
	GlobalSection(SolutionConfigurationPlatforms) = preSolution
		Debug|Any CPU = Debug|Any CPU
		Release|Any CPU = Release|Any CPU
	EndGlobalSection
	GlobalSection(ProjectConfigurationPlatforms) = postSolution
		{A3794C91-1EC9-4F0D-AE4B-A5C28BD2BFE0}.Debug|Any CPU.ActiveCfg = Debug|Any CPU
		{A3794C91-1EC9-4F0D-AE4B-A5C28BD2BFE0}.Debug|Any CPU.Build.0 = Debug|Any CPU
		{A3794C91-1EC9-4F0D-AE4B-A5C28BD2BFE0}.Release|Any CPU.ActiveCfg = Release|Any CPU
		{A3794C91-1EC9-4F0D-AE4B-A5C28BD2BFE0}.Release|Any CPU.Build.0 = Release|Any CPU
		{E5FAD319-627A-4BC9-9031-2BE1B9B1CF94}.Debug|Any CPU.ActiveCfg = Debug|Any CPU
		{E5FAD319-627A-4BC9-9031-2BE1B9B1CF94}.Debug|Any CPU.Build.0 = Debug|Any CPU
		{E5FAD319-627A-4BC9-9031-2BE1B9B1CF94}.Release|Any CPU.ActiveCfg = Release|Any CPU
		{E5FAD319-627A-4BC9-9031-2BE1B9B1CF94}.Release|Any CPU.Build.0 = Release|Any CPU
		{4680D50D-B735-4CCC-86B7-6924E31DE527}.Debug|Any CPU.ActiveCfg = Debug|Any CPU
		{4680D50D-B735-4CCC-86B7-6924E31DE527}.Debug|Any CPU.Build.0 = Debug|Any CPU
		{4680D50D-B735-4CCC-86B7-6924E31DE527}.Release|Any CPU.ActiveCfg = Release|Any CPU
		{4680D50D-B735-4CCC-86B7-6924E31DE527}.Release|Any CPU.Build.0 = Release|Any CPU
	EndGlobalSection
	GlobalSection(SolutionProperties) = preSolution
		HideSolutionNode = FALSE
	EndGlobalSection
	GlobalSection(ExtensibilityGlobals) = postSolution
		SolutionGuid = {D95BF68D-63D9-461F-8234-3FFC47CBC842}
	EndGlobalSection
EndGlobal
